
Microsoft Visual Studio Solution File, Format Version 12.00
# Visual Studio Version 17
VisualStudioVersion = 17.5.33516.290
MinimumVisualStudioVersion = 10.0.40219.1
Project("{FAE04EC0-301F-11D3-BF4B-00C04F79EFBC}") = "Nomes", "Nomes.csproj", "{2D133051-E138-4A45-99A7-98663ADAC126}"
EndProject
Global
	GlobalSection(SolutionConfigurationPlatforms) = preSolution
		Debug|Any CPU = Debug|Any CPU
		Release|Any CPU = Release|Any CPU
	EndGlobalSection
	GlobalSection(ProjectConfigurationPlatforms) = postSolution
		{2D133051-E138-4A45-99A7-98663ADAC126}.Debug|Any CPU.ActiveCfg = Debug|Any CPU
		{2D133051-E138-4A45-99A7-98663ADAC126}.Debug|Any CPU.Build.0 = Debug|Any CPU
		{2D133051-E138-4A45-99A7-98663ADAC126}.Release|Any CPU.ActiveCfg = Release|Any CPU
		{2D133051-E138-4A45-99A7-98663ADAC126}.Release|Any CPU.Build.0 = Release|Any CPU
	EndGlobalSection
	GlobalSection(SolutionProperties) = preSolution
		HideSolutionNode = FALSE
	EndGlobalSection
	GlobalSection(ExtensibilityGlobals) = postSolution
		SolutionGuid = {FFB04F72-4243-430F-BB87-E0677B68AE4F}
	EndGlobalSection
EndGlobal
